
Microsoft Visual Studio Solution File, Format Version 12.00
# Visual Studio Version 17
VisualStudioVersion = 17.4.33403.182
MinimumVisualStudioVersion = 10.0.40219.1
Project("{FAE04EC0-301F-11D3-BF4B-00C04F79EFBC}") = "GEBRequestSystem4.Server", "GEBRequestSystem4\Server\GEBRequestSystem4.Server.csproj", "{FC2ED98F-667D-4459-814A-6FDF55A9A483}"
EndProject
Project("{FAE04EC0-301F-11D3-BF4B-00C04F79EFBC}") = "GEBRequestSystem4.Client", "GEBRequestSystem4\Client\GEBRequestSystem4.Client.csproj", "{2B3C236B-7EF3-455E-B7BB-E6F350D5641C}"
EndProject
Project("{FAE04EC0-301F-11D3-BF4B-00C04F79EFBC}") = "GEBRequestSystem4.Shared", "GEBRequestSystem4\Shared\GEBRequestSystem4.Shared.csproj", "{D06EAA41-BB81-439B-A790-1E7F158AACA1}"
EndProject
Global
	GlobalSection(SolutionConfigurationPlatforms) = preSolution
		Debug|Any CPU = Debug|Any CPU
		Release|Any CPU = Release|Any CPU
	EndGlobalSection
	GlobalSection(ProjectConfigurationPlatforms) = postSolution
		{FC2ED98F-667D-4459-814A-6FDF55A9A483}.Debug|Any CPU.ActiveCfg = Debug|Any CPU
		{FC2ED98F-667D-4459-814A-6FDF55A9A483}.Debug|Any CPU.Build.0 = Debug|Any CPU
		{FC2ED98F-667D-4459-814A-6FDF55A9A483}.Release|Any CPU.ActiveCfg = Release|Any CPU
		{FC2ED98F-667D-4459-814A-6FDF55A9A483}.Release|Any CPU.Build.0 = Release|Any CPU
		{2B3C236B-7EF3-455E-B7BB-E6F350D5641C}.Debug|Any CPU.ActiveCfg = Debug|Any CPU
		{2B3C236B-7EF3-455E-B7BB-E6F350D5641C}.Debug|Any CPU.Build.0 = Debug|Any CPU
		{2B3C236B-7EF3-455E-B7BB-E6F350D5641C}.Release|Any CPU.ActiveCfg = Release|Any CPU
		{2B3C236B-7EF3-455E-B7BB-E6F350D5641C}.Release|Any CPU.Build.0 = Release|Any CPU
		{D06EAA41-BB81-439B-A790-1E7F158AACA1}.Debug|Any CPU.ActiveCfg = Debug|Any CPU
		{D06EAA41-BB81-439B-A790-1E7F158AACA1}.Debug|Any CPU.Build.0 = Debug|Any CPU
		{D06EAA41-BB81-439B-A790-1E7F158AACA1}.Release|Any CPU.ActiveCfg = Release|Any CPU
		{D06EAA41-BB81-439B-A790-1E7F158AACA1}.Release|Any CPU.Build.0 = Release|Any CPU
	EndGlobalSection
	GlobalSection(SolutionProperties) = preSolution
		HideSolutionNode = FALSE
	EndGlobalSection
	GlobalSection(ExtensibilityGlobals) = postSolution
		SolutionGuid = {257B9D97-C59E-444E-A9EE-F208C8126DC2}
	EndGlobalSection
EndGlobal
